PODS:
  - FPHWKWebViewJavaScriptBridge (0.1.0)

DEPENDENCIES:
  - FPHWKWebViewJavaScriptBridge (from `../`)

EXTERNAL SOURCES:
  FPHWKWebViewJavaScriptBridge:
    :path: "../"

SPEC CHECKSUMS:
  FPHWKWebViewJavaScriptBridge: e8a3674933b7fd223f3df471c8fe7e0f40ccd19e

PODFILE CHECKSUM: 66377b4bc2401f44b298f3abd1082dcfd6c759af

COCOAPODS: 1.10.0
