// !$*UTF8*$!
{
	archiveVersion = 1;
	classes = {
	};
	objectVersion = 50;
	objects = {

/* Begin PBXBuildFile section */
		0431F40C2591BC820096BCC5 /* JSBridge.bundle in Resources */ = {isa = PBXBuildFile; fileRef = 0431F4092591BC820096BCC5 /* JSBridge.bundle */; };
		049E161924D2D513002FB519 /* AppDelegate.swift in Sources */ = {isa = PBXBuildFile; fileRef = 049E161824D2D513002FB519 /* AppDelegate.swift */; };
		049E161D24D2D513002FB519 /* ViewController.swift in Sources */ = {isa = PBXBuildFile; fileRef = 049E161C24D2D513002FB519 /* ViewController.swift */; };
		049E162224D2D514002FB519 /* Assets.xcassets in Resources */ = {isa = PBXBuildFile; fileRef = 049E162124D2D514002FB519 /* Assets.xcassets */; };
		049E162524D2D514002FB519 /* LaunchScreen.storyboard in Resources */ = {isa = PBXBuildFile; fileRef = 049E162324D2D514002FB519 /* LaunchScreen.storyboard */; };
		049E163024D2D514002FB519 /* FPHWKWebViewJavaScriptBridgeTests.swift in Sources */ = {isa = PBXBuildFile; fileRef = 049E162F24D2D514002FB519 /* FPHWKWebViewJavaScriptBridgeTests.swift */; };
		049E163B24D2D515002FB519 /* FPHWKWebViewJavaScriptBridgeUITests.swift in Sources */ = {isa = PBXBuildFile; fileRef = 049E163A24D2D515002FB519 /* FPHWKWebViewJavaScriptBridgeUITests.swift */; };
		049E165424D2DA62002FB519 /* FPHWKWebView.swift in Sources */ = {isa = PBXBuildFile; fileRef = 049E165324D2DA61002FB519 /* FPHWKWebView.swift */; };
		049E165624D2DA8A002FB519 /* FPHJSBridgeManager.swift in Sources */ = {isa = PBXBuildFile; fileRef = 049E165524D2DA8A002FB519 /* FPHJSBridgeManager.swift */; };
		049E165824D2DC35002FB519 /* WebViewViewController.swift in Sources */ = {isa = PBXBuildFile; fileRef = 049E165724D2DC35002FB519 /* WebViewViewController.swift */; };
		DCD03CC6278EB7E5007946D1 /* FBridgeExtended.swift in Sources */ = {isa = PBXBuildFile; fileRef = DCD03CC4278EB7E5007946D1 /* FBridgeExtended.swift */; };
		DCD03CC7278EB7E5007946D1 /* FWKWebViewJSBridge.swift in Sources */ = {isa = PBXBuildFile; fileRef = DCD03CC5278EB7E5007946D1 /* FWKWebViewJSBridge.swift */; };
		DCD03CC9278EBA5B007946D1 /* FJavaScriptMessageDispatch.swift in Sources */ = {isa = PBXBuildFile; fileRef = DCD03CC8278EBA5B007946D1 /* FJavaScriptMessageDispatch.swift */; };
		DCD03CCB278ECB90007946D1 /* WKWebviewExtension.swift in Sources */ = {isa = PBXBuildFile; fileRef = DCD03CCA278ECB90007946D1 /* WKWebviewExtension.swift */; };
		DCD03CCD278ECC2D007946D1 /* FTypealias.swift in Sources */ = {isa = PBXBuildFile; fileRef = DCD03CCC278ECC2D007946D1 /* FTypealias.swift */; };
/* End PBXBuildFile section */

/* Begin PBXContainerItemProxy section */
		049E162C24D2D514002FB519 /* PBXContainerItemProxy */ = {
			isa = PBXContainerItemProxy;
			containerPortal = 049E160D24D2D512002FB519 /* Project object */;
			proxyType = 1;
			remoteGlobalIDString = 049E161424D2D512002FB519;
			remoteInfo = FPHWKWebViewJavaScriptBridge;
		};
		049E163724D2D515002FB519 /* PBXContainerItemProxy */ = {
			isa = PBXContainerItemProxy;
			containerPortal = 049E160D24D2D512002FB519 /* Project object */;
			proxyType = 1;
			remoteGlobalIDString = 049E161424D2D512002FB519;
			remoteInfo = FPHWKWebViewJavaScriptBridge;
		};
/* End PBXContainerItemProxy section */

/* Begin PBXFileReference section */
		0431F4092591BC820096BCC5 /* JSBridge.bundle */ = {isa = PBXFileReference; lastKnownFileType = "wrapper.plug-in"; path = JSBridge.bundle; sourceTree = "<group>"; };
		049E161524D2D512002FB519 /* FPHWKWebViewJavaScriptBridge.app */ = {isa = PBXFileReference; explicitFileType = wrapper.application; includeInIndex = 0; path = FPHWKWebViewJavaScriptBridge.app; sourceTree = BUILT_PRODUCTS_DIR; };
		049E161824D2D513002FB519 /* AppDelegate.swift */ = {isa = PBXFileReference; lastKnownFileType = sourcecode.swift; path = AppDelegate.swift; sourceTree = "<group>"; };
		049E161C24D2D513002FB519 /* ViewController.swift */ = {isa = PBXFileReference; lastKnownFileType = sourcecode.swift; path = ViewController.swift; sourceTree = "<group>"; };
		049E162124D2D514002FB519 /* Assets.xcassets */ = {isa = PBXFileReference; lastKnownFileType = folder.assetcatalog; path = Assets.xcassets; sourceTree = "<group>"; };
		049E162424D2D514002FB519 /* Base */ = {isa = PBXFileReference; lastKnownFileType = file.storyboard; name = Base; path = Base.lproj/LaunchScreen.storyboard; sourceTree = "<group>"; };
		049E162624D2D514002FB519 /* Info.plist */ = {isa = PBXFileReference; lastKnownFileType = text.plist.xml; path = Info.plist; sourceTree = "<group>"; };
		049E162B24D2D514002FB519 /* FPHWKWebViewJavaScriptBridgeTests.xctest */ = {isa = PBXFileReference; explicitFileType = wrapper.cfbundle; includeInIndex = 0; path = FPHWKWebViewJavaScriptBridgeTests.xctest; sourceTree = BUILT_PRODUCTS_DIR; };
		049E162F24D2D514002FB519 /* FPHWKWebViewJavaScriptBridgeTests.swift */ = {isa = PBXFileReference; lastKnownFileType = sourcecode.swift; path = FPHWKWebViewJavaScriptBridgeTests.swift; sourceTree = "<group>"; };
		049E163124D2D514002FB519 /* Info.plist */ = {isa = PBXFileReference; lastKnownFileType = text.plist.xml; path = Info.plist; sourceTree = "<group>"; };
		049E163624D2D515002FB519 /* FPHWKWebViewJavaScriptBridgeUITests.xctest */ = {isa = PBXFileReference; explicitFileType = wrapper.cfbundle; includeInIndex = 0; path = FPHWKWebViewJavaScriptBridgeUITests.xctest; sourceTree = BUILT_PRODUCTS_DIR; };
		049E163A24D2D515002FB519 /* FPHWKWebViewJavaScriptBridgeUITests.swift */ = {isa = PBXFileReference; lastKnownFileType = sourcecode.swift; path = FPHWKWebViewJavaScriptBridgeUITests.swift; sourceTree = "<group>"; };
		049E163C24D2D515002FB519 /* Info.plist */ = {isa = PBXFileReference; lastKnownFileType = text.plist.xml; path = Info.plist; sourceTree = "<group>"; };
		049E165324D2DA61002FB519 /* FPHWKWebView.swift */ = {isa = PBXFileReference; lastKnownFileType = sourcecode.swift; path = FPHWKWebView.swift; sourceTree = "<group>"; };
		049E165524D2DA8A002FB519 /* FPHJSBridgeManager.swift */ = {isa = PBXFileReference; lastKnownFileType = sourcecode.swift; path = FPHJSBridgeManager.swift; sourceTree = "<group>"; };
		049E165724D2DC35002FB519 /* WebViewViewController.swift */ = {isa = PBXFileReference; lastKnownFileType = sourcecode.swift; path = WebViewViewController.swift; sourceTree = "<group>"; };
		DCD03CC4278EB7E5007946D1 /* FBridgeExtended.swift */ = {isa = PBXFileReference; fileEncoding = 4; lastKnownFileType = sourcecode.swift; path = FBridgeExtended.swift; sourceTree = "<group>"; };
		DCD03CC5278EB7E5007946D1 /* FWKWebViewJSBridge.swift */ = {isa = PBXFileReference; fileEncoding = 4; lastKnownFileType = sourcecode.swift; path = FWKWebViewJSBridge.swift; sourceTree = "<group>"; };
		DCD03CC8278EBA5B007946D1 /* FJavaScriptMessageDispatch.swift */ = {isa = PBXFileReference; lastKnownFileType = sourcecode.swift; path = FJavaScriptMessageDispatch.swift; sourceTree = "<group>"; };
		DCD03CCA278ECB90007946D1 /* WKWebviewExtension.swift */ = {isa = PBXFileReference; lastKnownFileType = sourcecode.swift; path = WKWebviewExtension.swift; sourceTree = "<group>"; };
		DCD03CCC278ECC2D007946D1 /* FTypealias.swift */ = {isa = PBXFileReference; lastKnownFileType = sourcecode.swift; path = FTypealias.swift; sourceTree = "<group>"; };
/* End PBXFileReference section */

/* Begin PBXFrameworksBuildPhase section */
		049E161224D2D512002FB519 /* Frameworks */ = {
			isa = PBXFrameworksBuildPhase;
			buildActionMask = 2147483647;
			files = (
			);
			runOnlyForDeploymentPostprocessing = 0;
		};
		049E162824D2D514002FB519 /* Frameworks */ = {
			isa = PBXFrameworksBuildPhase;
			buildActionMask = 2147483647;
			files = (
			);
			runOnlyForDeploymentPostprocessing = 0;
		};
		049E163324D2D515002FB519 /* Frameworks */ = {
			isa = PBXFrameworksBuildPhase;
			buildActionMask = 2147483647;
			files = (
			);
			runOnlyForDeploymentPostprocessing = 0;
		};
/* End PBXFrameworksBuildPhase section */

/* Begin PBXGroup section */
		0431F4062591BC820096BCC5 /* FPHWKWebViewJavaScriptBridge */ = {
			isa = PBXGroup;
			children = (
				DCD03CCC278ECC2D007946D1 /* FTypealias.swift */,
				DCD03CC4278EB7E5007946D1 /* FBridgeExtended.swift */,
				DCD03CCA278ECB90007946D1 /* WKWebviewExtension.swift */,
				DCD03CC5278EB7E5007946D1 /* FWKWebViewJSBridge.swift */,
				DCD03CC8278EBA5B007946D1 /* FJavaScriptMessageDispatch.swift */,
				0431F4092591BC820096BCC5 /* JSBridge.bundle */,
			);
			name = FPHWKWebViewJavaScriptBridge;
			path = ../../FPHWKWebViewJavaScriptBridge;
			sourceTree = "<group>";
		};
		049E160C24D2D512002FB519 = {
			isa = PBXGroup;
			children = (
				049E161724D2D512002FB519 /* FPHWKWebViewJavaScriptBridge */,
				049E162E24D2D514002FB519 /* FPHWKWebViewJavaScriptBridgeTests */,
				049E163924D2D515002FB519 /* FPHWKWebViewJavaScriptBridgeUITests */,
				049E161624D2D512002FB519 /* Products */,
			);
			sourceTree = "<group>";
		};
		049E161624D2D512002FB519 /* Products */ = {
			isa = PBXGroup;
			children = (
				049E161524D2D512002FB519 /* FPHWKWebViewJavaScriptBridge.app */,
				049E162B24D2D514002FB519 /* FPHWKWebViewJavaScriptBridgeTests.xctest */,
				049E163624D2D515002FB519 /* FPHWKWebViewJavaScriptBridgeUITests.xctest */,
			);
			name = Products;
			sourceTree = "<group>";
		};
		049E161724D2D512002FB519 /* FPHWKWebViewJavaScriptBridge */ = {
			isa = PBXGroup;
			children = (
				0431F4062591BC820096BCC5 /* FPHWKWebViewJavaScriptBridge */,
				049E161824D2D513002FB519 /* AppDelegate.swift */,
				049E161C24D2D513002FB519 /* ViewController.swift */,
				049E165324D2DA61002FB519 /* FPHWKWebView.swift */,
				049E165524D2DA8A002FB519 /* FPHJSBridgeManager.swift */,
				049E165724D2DC35002FB519 /* WebViewViewController.swift */,
				049E162124D2D514002FB519 /* Assets.xcassets */,
				049E162324D2D514002FB519 /* LaunchScreen.storyboard */,
				049E162624D2D514002FB519 /* Info.plist */,
			);
			path = FPHWKWebViewJavaScriptBridge;
			sourceTree = "<group>";
		};
		049E162E24D2D514002FB519 /* FPHWKWebViewJavaScriptBridgeTests */ = {
			isa = PBXGroup;
			children = (
				049E162F24D2D514002FB519 /* FPHWKWebViewJavaScriptBridgeTests.swift */,
				049E163124D2D514002FB519 /* Info.plist */,
			);
			path = FPHWKWebViewJavaScriptBridgeTests;
			sourceTree = "<group>";
		};
		049E163924D2D515002FB519 /* FPHWKWebViewJavaScriptBridgeUITests */ = {
			isa = PBXGroup;
			children = (
				049E163A24D2D515002FB519 /* FPHWKWebViewJavaScriptBridgeUITests.swift */,
				049E163C24D2D515002FB519 /* Info.plist */,
			);
			path = FPHWKWebViewJavaScriptBridgeUITests;
			sourceTree = "<group>";
		};
/* End PBXGroup section */

/* Begin PBXNativeTarget section */
		049E161424D2D512002FB519 /* FPHWKWebViewJavaScriptBridge */ = {
			isa = PBXNativeTarget;
			buildConfigurationList = 049E163F24D2D515002FB519 /* Build configuration list for PBXNativeTarget "FPHWKWebViewJavaScriptBridge" */;
			buildPhases = (
				049E161124D2D512002FB519 /* Sources */,
				049E161224D2D512002FB519 /* Frameworks */,
				049E161324D2D512002FB519 /* Resources */,
			);
			buildRules = (
			);
			dependencies = (
			);
			name = FPHWKWebViewJavaScriptBridge;
			productName = FPHWKWebViewJavaScriptBridge;
			productReference = 049E161524D2D512002FB519 /* FPHWKWebViewJavaScriptBridge.app */;
			productType = "com.apple.product-type.application";
		};
		049E162A24D2D514002FB519 /* FPHWKWebViewJavaScriptBridgeTests */ = {
			isa = PBXNativeTarget;
			buildConfigurationList = 049E164224D2D515002FB519 /* Build configuration list for PBXNativeTarget "FPHWKWebViewJavaScriptBridgeTests" */;
			buildPhases = (
				049E162724D2D514002FB519 /* Sources */,
				049E162824D2D514002FB519 /* Frameworks */,
				049E162924D2D514002FB519 /* Resources */,
			);
			buildRules = (
			);
			dependencies = (
				049E162D24D2D514002FB519 /* PBXTargetDependency */,
			);
			name = FPHWKWebViewJavaScriptBridgeTests;
			productName = FPHWKWebViewJavaScriptBridgeTests;
			productReference = 049E162B24D2D514002FB519 /* FPHWKWebViewJavaScriptBridgeTests.xctest */;
			productType = "com.apple.product-type.bundle.unit-test";
		};
		049E163524D2D515002FB519 /* FPHWKWebViewJavaScriptBridgeUITests */ = {
			isa = PBXNativeTarget;
			buildConfigurationList = 049E164524D2D515002FB519 /* Build configuration list for PBXNativeTarget "FPHWKWebViewJavaScriptBridgeUITests" */;
			buildPhases = (
				049E163224D2D515002FB519 /* Sources */,
				049E163324D2D515002FB519 /* Frameworks */,
				049E163424D2D515002FB519 /* Resources */,
			);
			buildRules = (
			);
			dependencies = (
				049E163824D2D515002FB519 /* PBXTargetDependency */,
			);
			name = FPHWKWebViewJavaScriptBridgeUITests;
			productName = FPHWKWebViewJavaScriptBridgeUITests;
			productReference = 049E163624D2D515002FB519 /* FPHWKWebViewJavaScriptBridgeUITests.xctest */;
			productType = "com.apple.product-type.bundle.ui-testing";
		};
/* End PBXNativeTarget section */

/* Begin PBXProject section */
		049E160D24D2D512002FB519 /* Project object */ = {
			isa = PBXProject;
			attributes = {
				LastSwiftUpdateCheck = 1200;
				LastUpgradeCheck = 1200;
				TargetAttributes = {
					049E161424D2D512002FB519 = {
						CreatedOnToolsVersion = 12.0;
					};
					049E162A24D2D514002FB519 = {
						CreatedOnToolsVersion = 12.0;
						TestTargetID = 049E161424D2D512002FB519;
					};
					049E163524D2D515002FB519 = {
						CreatedOnToolsVersion = 12.0;
						TestTargetID = 049E161424D2D512002FB519;
					};
				};
			};
			buildConfigurationList = 049E161024D2D512002FB519 /* Build configuration list for PBXProject "FPHWKWebViewJavaScriptBridge" */;
			compatibilityVersion = "Xcode 9.3";
			developmentRegion = en;
			hasScannedForEncodings = 0;
			knownRegions = (
				en,
				Base,
			);
			mainGroup = 049E160C24D2D512002FB519;
			productRefGroup = 049E161624D2D512002FB519 /* Products */;
			projectDirPath = "";
			projectRoot = "";
			targets = (
				049E161424D2D512002FB519 /* FPHWKWebViewJavaScriptBridge */,
				049E162A24D2D514002FB519 /* FPHWKWebViewJavaScriptBridgeTests */,
				049E163524D2D515002FB519 /* FPHWKWebViewJavaScriptBridgeUITests */,
			);
		};
/* End PBXProject section */

/* Begin PBXResourcesBuildPhase section */
		049E161324D2D512002FB519 /* Resources */ = {
			isa = PBXResourcesBuildPhase;
			buildActionMask = 2147483647;
			files = (
				049E162524D2D514002FB519 /* LaunchScreen.storyboard in Resources */,
				0431F40C2591BC820096BCC5 /* JSBridge.bundle in Resources */,
				049E162224D2D514002FB519 /* Assets.xcassets in Resources */,
			);
			runOnlyForDeploymentPostprocessing = 0;
		};
		049E162924D2D514002FB519 /* Resources */ = {
			isa = PBXResourcesBuildPhase;
			buildActionMask = 2147483647;
			files = (
			);
			runOnlyForDeploymentPostprocessing = 0;
		};
		049E163424D2D515002FB519 /* Resources */ = {
			isa = PBXResourcesBuildPhase;
			buildActionMask = 2147483647;
			files = (
			);
			runOnlyForDeploymentPostprocessing = 0;
		};
/* End PBXResourcesBuildPhase section */

/* Begin PBXSourcesBuildPhase section */
		049E161124D2D512002FB519 /* Sources */ = {
			isa = PBXSourcesBuildPhase;
			buildActionMask = 2147483647;
			files = (
				DCD03CC6278EB7E5007946D1 /* FBridgeExtended.swift in Sources */,
				049E165624D2DA8A002FB519 /* FPHJSBridgeManager.swift in Sources */,
				DCD03CC9278EBA5B007946D1 /* FJavaScriptMessageDispatch.swift in Sources */,
				DCD03CCD278ECC2D007946D1 /* FTypealias.swift in Sources */,
				049E161D24D2D513002FB519 /* ViewController.swift in Sources */,
				DCD03CCB278ECB90007946D1 /* WKWebviewExtension.swift in Sources */,
				049E161924D2D513002FB519 /* AppDelegate.swift in Sources */,
				049E165424D2DA62002FB519 /* FPHWKWebView.swift in Sources */,
				DCD03CC7278EB7E5007946D1 /* FWKWebViewJSBridge.swift in Sources */,
				049E165824D2DC35002FB519 /* WebViewViewController.swift in Sources */,
			);
			runOnlyForDeploymentPostprocessing = 0;
		};
		049E162724D2D514002FB519 /* Sources */ = {
			isa = PBXSourcesBuildPhase;
			buildActionMask = 2147483647;
			files = (
				049E163024D2D514002FB519 /* FPHWKWebViewJavaScriptBridgeTests.swift in Sources */,
			);
			runOnlyForDeploymentPostprocessing = 0;
		};
		049E163224D2D515002FB519 /* Sources */ = {
			isa = PBXSourcesBuildPhase;
			buildActionMask = 2147483647;
			files = (
				049E163B24D2D515002FB519 /* FPHWKWebViewJavaScriptBridgeUITests.swift in Sources */,
			);
			runOnlyForDeploymentPostprocessing = 0;
		};
/* End PBXSourcesBuildPhase section */

/* Begin PBXTargetDependency section */
		049E162D24D2D514002FB519 /* PBXTargetDependency */ = {
			isa = PBXTargetDependency;
			target = 049E161424D2D512002FB519 /* FPHWKWebViewJavaScriptBridge */;
			targetProxy = 049E162C24D2D514002FB519 /* PBXContainerItemProxy */;
		};
		049E163824D2D515002FB519 /* PBXTargetDependency */ = {
			isa = PBXTargetDependency;
			target = 049E161424D2D512002FB519 /* FPHWKWebViewJavaScriptBridge */;
			targetProxy = 049E163724D2D515002FB519 /* PBXContainerItemProxy */;
		};
/* End PBXTargetDependency section */

/* Begin PBXVariantGroup section */
		049E162324D2D514002FB519 /* LaunchScreen.storyboard */ = {
			isa = PBXVariantGroup;
			children = (
				049E162424D2D514002FB519 /* Base */,
			);
			name = LaunchScreen.storyboard;
			sourceTree = "<group>";
		};
/* End PBXVariantGroup section */

/* Begin XCBuildConfiguration section */
		049E163D24D2D515002FB519 /* Debug */ = {
			isa = XCBuildConfiguration;
			buildSettings = {
				ALWAYS_SEARCH_USER_PATHS = NO;
				CLANG_ANALYZER_NONNULL = YES;
				CLANG_ANALYZER_NUMBER_OBJECT_CONVERSION = YES_AGGRESSIVE;
				CLANG_CXX_LANGUAGE_STANDARD = "gnu++14";
				CLANG_CXX_LIBRARY = "libc++";
				CLANG_ENABLE_MODULES = YES;
				CLANG_ENABLE_OBJC_ARC = YES;
				CLANG_ENABLE_OBJC_WEAK = YES;
				CLANG_WARN_BLOCK_CAPTURE_AUTORELEASING = YES;
				CLANG_WARN_BOOL_CONVERSION = YES;
				CLANG_WARN_COMMA = YES;
				CLANG_WARN_CONSTANT_CONVERSION = YES;
				CLANG_WARN_DEPRECATED_OBJC_IMPLEMENTATIONS = YES;
				CLANG_WARN_DIRECT_OBJC_ISA_USAGE = YES_ERROR;
				CLANG_WARN_DOCUMENTATION_COMMENTS = YES;
				CLANG_WARN_EMPTY_BODY = YES;
				CLANG_WARN_ENUM_CONVERSION = YES;
				CLANG_WARN_INFINITE_RECURSION = YES;
				CLANG_WARN_INT_CONVERSION = YES;
				CLANG_WARN_NON_LITERAL_NULL_CONVERSION = YES;
				CLANG_WARN_OBJC_IMPLICIT_RETAIN_SELF = YES;
				CLANG_WARN_OBJC_LITERAL_CONVERSION = YES;
				CLANG_WARN_OBJC_ROOT_CLASS = YES_ERROR;
				CLANG_WARN_QUOTED_INCLUDE_IN_FRAMEWORK_HEADER = YES;
				CLANG_WARN_RANGE_LOOP_ANALYSIS = YES;
				CLANG_WARN_STRICT_PROTOTYPES = YES;
				CLANG_WARN_SUSPICIOUS_MOVE = YES;
				CLANG_WARN_UNGUARDED_AVAILABILITY = YES_AGGRESSIVE;
				CLANG_WARN_UNREACHABLE_CODE = YES;
				CLANG_WARN__DUPLICATE_METHOD_MATCH = YES;
				COPY_PHASE_STRIP = NO;
				DEBUG_INFORMATION_FORMAT = dwarf;
				ENABLE_STRICT_OBJC_MSGSEND = YES;
				ENABLE_TESTABILITY = YES;
				GCC_C_LANGUAGE_STANDARD = gnu11;
				GCC_DYNAMIC_NO_PIC = NO;
				GCC_NO_COMMON_BLOCKS = YES;
				GCC_OPTIMIZATION_LEVEL = 0;
				GCC_PREPROCESSOR_DEFINITIONS = (
					"DEBUG=1",
					"$(inherited)",
				);
				GCC_WARN_64_TO_32_BIT_CONVERSION = YES;
				GCC_WARN_ABOUT_RETURN_TYPE = YES_ERROR;
				GCC_WARN_UNDECLARED_SELECTOR = YES;
				GCC_WARN_UNINITIALIZED_AUTOS = YES_AGGRESSIVE;
				GCC_WARN_UNUSED_FUNCTION = YES;
				GCC_WARN_UNUSED_VARIABLE = YES;
				IPHONEOS_DEPLOYMENT_TARGET = 14.0;
				MTL_ENABLE_DEBUG_INFO = INCLUDE_SOURCE;
				MTL_FAST_MATH = YES;
				ONLY_ACTIVE_ARCH = YES;
				SDKROOT = iphoneos;
				SWIFT_ACTIVE_COMPILATION_CONDITIONS = DEBUG;
				SWIFT_OPTIMIZATION_LEVEL = "-Onone";
			};
			name = Debug;
		};
		049E163E24D2D515002FB519 /* Release */ = {
			isa = XCBuildConfiguration;
			buildSettings = {
				ALWAYS_SEARCH_USER_PATHS = NO;
				CLANG_ANALYZER_NONNULL = YES;
				CLANG_ANALYZER_NUMBER_OBJECT_CONVERSION = YES_AGGRESSIVE;
				CLANG_CXX_LANGUAGE_STANDARD = "gnu++14";
				CLANG_CXX_LIBRARY = "libc++";
				CLANG_ENABLE_MODULES = YES;
				CLANG_ENABLE_OBJC_ARC = YES;
				CLANG_ENABLE_OBJC_WEAK = YES;
				CLANG_WARN_BLOCK_CAPTURE_AUTORELEASING = YES;
				CLANG_WARN_BOOL_CONVERSION = YES;
				CLANG_WARN_COMMA = YES;
				CLANG_WARN_CONSTANT_CONVERSION = YES;
				CLANG_WARN_DEPRECATED_OBJC_IMPLEMENTATIONS = YES;
				CLANG_WARN_DIRECT_OBJC_ISA_USAGE = YES_ERROR;
				CLANG_WARN_DOCUMENTATION_COMMENTS = YES;
				CLANG_WARN_EMPTY_BODY = YES;
				CLANG_WARN_ENUM_CONVERSION = YES;
				CLANG_WARN_INFINITE_RECURSION = YES;
				CLANG_WARN_INT_CONVERSION = YES;
				CLANG_WARN_NON_LITERAL_NULL_CONVERSION = YES;
				CLANG_WARN_OBJC_IMPLICIT_RETAIN_SELF = YES;
				CLANG_WARN_OBJC_LITERAL_CONVERSION = YES;
				CLANG_WARN_OBJC_ROOT_CLASS = YES_ERROR;
				CLANG_WARN_QUOTED_INCLUDE_IN_FRAMEWORK_HEADER = YES;
				CLANG_WARN_RANGE_LOOP_ANALYSIS = YES;
				CLANG_WARN_STRICT_PROTOTYPES = YES;
				CLANG_WARN_SUSPICIOUS_MOVE = YES;
				CLANG_WARN_UNGUARDED_AVAILABILITY = YES_AGGRESSIVE;
				CLANG_WARN_UNREACHABLE_CODE = YES;
				CLANG_WARN__DUPLICATE_METHOD_MATCH = YES;
				COPY_PHASE_STRIP = NO;
				DEBUG_INFORMATION_FORMAT = "dwarf-with-dsym";
				ENABLE_NS_ASSERTIONS = NO;
				ENABLE_STRICT_OBJC_MSGSEND = YES;
				GCC_C_LANGUAGE_STANDARD = gnu11;
				GCC_NO_COMMON_BLOCKS = YES;
				GCC_WARN_64_TO_32_BIT_CONVERSION = YES;
				GCC_WARN_ABOUT_RETURN_TYPE = YES_ERROR;
				GCC_WARN_UNDECLARED_SELECTOR = YES;
				GCC_WARN_UNINITIALIZED_AUTOS = YES_AGGRESSIVE;
				GCC_WARN_UNUSED_FUNCTION = YES;
				GCC_WARN_UNUSED_VARIABLE = YES;
				IPHONEOS_DEPLOYMENT_TARGET = 14.0;
				MTL_ENABLE_DEBUG_INFO = NO;
				MTL_FAST_MATH = YES;
				SDKROOT = iphoneos;
				SWIFT_COMPILATION_MODE = wholemodule;
				SWIFT_OPTIMIZATION_LEVEL = "-O";
				VALIDATE_PRODUCT = YES;
			};
			name = Release;
		};
		049E164024D2D515002FB519 /* Debug */ = {
			isa = XCBuildConfiguration;
			buildSettings = {
				ASSETCATALOG_COMPILER_APPICON_NAME = AppIcon;
				ASSETCATALOG_COMPILER_GLOBAL_ACCENT_COLOR_NAME = AccentColor;
				CODE_SIGN_STYLE = Automatic;
				DEVELOPMENT_TEAM = 72SY4J245Z;
				INFOPLIST_FILE = FPHWKWebViewJavaScriptBridge/Info.plist;
				IPHONEOS_DEPLOYMENT_TARGET = 10.0;
				LD_RUNPATH_SEARCH_PATHS = (
					"$(inherited)",
					"@executable_path/Frameworks",
				);
				PRODUCT_BUNDLE_IDENTIFIER = com.thebeastshop.JavaScriptBridge;
				PRODUCT_NAME = "$(TARGET_NAME)";
				SWIFT_VERSION = 5.0;
				TARGETED_DEVICE_FAMILY = 1;
			};
			name = Debug;
		};
		049E164124D2D515002FB519 /* Release */ = {
			isa = XCBuildConfiguration;
			buildSettings = {
				ASSETCATALOG_COMPILER_APPICON_NAME = AppIcon;
				ASSETCATALOG_COMPILER_GLOBAL_ACCENT_COLOR_NAME = AccentColor;
				CODE_SIGN_STYLE = Automatic;
				DEVELOPMENT_TEAM = 72SY4J245Z;
				INFOPLIST_FILE = FPHWKWebViewJavaScriptBridge/Info.plist;
				IPHONEOS_DEPLOYMENT_TARGET = 10.0;
				LD_RUNPATH_SEARCH_PATHS = (
					"$(inherited)",
					"@executable_path/Frameworks",
				);
				PRODUCT_BUNDLE_IDENTIFIER = com.thebeastshop.JavaScriptBridge;
				PRODUCT_NAME = "$(TARGET_NAME)";
				SWIFT_VERSION = 5.0;
				TARGETED_DEVICE_FAMILY = 1;
			};
			name = Release;
		};
		049E164324D2D515002FB519 /* Debug */ = {
			isa = XCBuildConfiguration;
			buildSettings = {
				ALWAYS_EMBED_SWIFT_STANDARD_LIBRARIES = YES;
				BUNDLE_LOADER = "$(TEST_HOST)";
				CODE_SIGN_STYLE = Automatic;
				DEVELOPMENT_TEAM = 72SY4J245Z;
				INFOPLIST_FILE = FPHWKWebViewJavaScriptBridgeTests/Info.plist;
				IPHONEOS_DEPLOYMENT_TARGET = 10.0;
				LD_RUNPATH_SEARCH_PATHS = (
					"$(inherited)",
					"@executable_path/Frameworks",
					"@loader_path/Frameworks",
				);
				PRODUCT_BUNDLE_IDENTIFIER = com.thebeastshop.FPHWKWebViewJavaScriptBridgeTests;
				PRODUCT_NAME = "$(TARGET_NAME)";
				SWIFT_VERSION = 5.0;
				TARGETED_DEVICE_FAMILY = "1,2";
				TEST_HOST = "$(BUILT_PRODUCTS_DIR)/FPHWKWebViewJavaScriptBridge.app/FPHWKWebViewJavaScriptBridge";
			};
			name = Debug;
		};
		049E164424D2D515002FB519 /* Release */ = {
			isa = XCBuildConfiguration;
			buildSettings = {
				ALWAYS_EMBED_SWIFT_STANDARD_LIBRARIES = YES;
				BUNDLE_LOADER = "$(TEST_HOST)";
				CODE_SIGN_STYLE = Automatic;
				DEVELOPMENT_TEAM = 72SY4J245Z;
				INFOPLIST_FILE = FPHWKWebViewJavaScriptBridgeTests/Info.plist;
				IPHONEOS_DEPLOYMENT_TARGET = 10.0;
				LD_RUNPATH_SEARCH_PATHS = (
					"$(inherited)",
					"@executable_path/Frameworks",
					"@loader_path/Frameworks",
				);
				PRODUCT_BUNDLE_IDENTIFIER = com.thebeastshop.FPHWKWebViewJavaScriptBridgeTests;
				PRODUCT_NAME = "$(TARGET_NAME)";
				SWIFT_VERSION = 5.0;
				TARGETED_DEVICE_FAMILY = "1,2";
				TEST_HOST = "$(BUILT_PRODUCTS_DIR)/FPHWKWebViewJavaScriptBridge.app/FPHWKWebViewJavaScriptBridge";
			};
			name = Release;
		};
		049E164624D2D515002FB519 /* Debug */ = {
			isa = XCBuildConfiguration;
			buildSettings = {
				ALWAYS_EMBED_SWIFT_STANDARD_LIBRARIES = YES;
				CODE_SIGN_STYLE = Automatic;
				DEVELOPMENT_TEAM = 72SY4J245Z;
				INFOPLIST_FILE = FPHWKWebViewJavaScriptBridgeUITests/Info.plist;
				LD_RUNPATH_SEARCH_PATHS = (
					"$(inherited)",
					"@executable_path/Frameworks",
					"@loader_path/Frameworks",
				);
				PRODUCT_BUNDLE_IDENTIFIER = com.thebeastshop.FPHWKWebViewJavaScriptBridgeUITests;
				PRODUCT_NAME = "$(TARGET_NAME)";
				SWIFT_VERSION = 5.0;
				TARGETED_DEVICE_FAMILY = "1,2";
				TEST_TARGET_NAME = FPHWKWebViewJavaScriptBridge;
			};
			name = Debug;
		};
		049E164724D2D515002FB519 /* Release */ = {
			isa = XCBuildConfiguration;
			buildSettings = {
				ALWAYS_EMBED_SWIFT_STANDARD_LIBRARIES = YES;
				CODE_SIGN_STYLE = Automatic;
				DEVELOPMENT_TEAM = 72SY4J245Z;
				INFOPLIST_FILE = FPHWKWebViewJavaScriptBridgeUITests/Info.plist;
				LD_RUNPATH_SEARCH_PATHS = (
					"$(inherited)",
					"@executable_path/Frameworks",
					"@loader_path/Frameworks",
				);
				PRODUCT_BUNDLE_IDENTIFIER = com.thebeastshop.FPHWKWebViewJavaScriptBridgeUITests;
				PRODUCT_NAME = "$(TARGET_NAME)";
				SWIFT_VERSION = 5.0;
				TARGETED_DEVICE_FAMILY = "1,2";
				TEST_TARGET_NAME = FPHWKWebViewJavaScriptBridge;
			};
			name = Release;
		};
/* End XCBuildConfiguration section */

/* Begin XCConfigurationList section */
		049E161024D2D512002FB519 /* Build configuration list for PBXProject "FPHWKWebViewJavaScriptBridge" */ = {
			isa = XCConfigurationList;
			buildConfigurations = (
				049E163D24D2D515002FB519 /* Debug */,
				049E163E24D2D515002FB519 /* Release */,
			);
			defaultConfigurationIsVisible = 0;
			defaultConfigurationName = Release;
		};
		049E163F24D2D515002FB519 /* Build configuration list for PBXNativeTarget "FPHWKWebViewJavaScriptBridge" */ = {
			isa = XCConfigurationList;
			buildConfigurations = (
				049E164024D2D515002FB519 /* Debug */,
				049E164124D2D515002FB519 /* Release */,
			);
			defaultConfigurationIsVisible = 0;
			defaultConfigurationName = Release;
		};
		049E164224D2D515002FB519 /* Build configuration list for PBXNativeTarget "FPHWKWebViewJavaScriptBridgeTests" */ = {
			isa = XCConfigurationList;
			buildConfigurations = (
				049E164324D2D515002FB519 /* Debug */,
				049E164424D2D515002FB519 /* Release */,
			);
			defaultConfigurationIsVisible = 0;
			defaultConfigurationName = Release;
		};
		049E164524D2D515002FB519 /* Build configuration list for PBXNativeTarget "FPHWKWebViewJavaScriptBridgeUITests" */ = {
			isa = XCConfigurationList;
			buildConfigurations = (
				049E164624D2D515002FB519 /* Debug */,
				049E164724D2D515002FB519 /* Release */,
			);
			defaultConfigurationIsVisible = 0;
			defaultConfigurationName = Release;
		};
/* End XCConfigurationList section */
	};
	rootObject = 049E160D24D2D512002FB519 /* Project object */;
}
